
Microsoft Visual Studio Solution File, Format Version 12.00
# Visual Studio Version 16
VisualStudioVersion = 16.0.30907.101
MinimumVisualStudioVersion = 10.0.40219.1
Project("{888888A0-9F3D-457C-B088-3A5042F75D52}") = "Prequel Scraper", "Prequel Scraper\Prequel Scraper.pyproj", "{06297B94-4DC6-4097-A724-0A1618EEF0D5}"
EndProject
Global
	GlobalSection(SolutionConfigurationPlatforms) = preSolution
		Debug|Any CPU = Debug|Any CPU
		Release|Any CPU = Release|Any CPU
	EndGlobalSection
	GlobalSection(ProjectConfigurationPlatforms) = postSolution
		{06297B94-4DC6-4097-A724-0A1618EEF0D5}.Debug|Any CPU.ActiveCfg = Debug|Any CPU
		{06297B94-4DC6-4097-A724-0A1618EEF0D5}.Release|Any CPU.ActiveCfg = Release|Any CPU
	EndGlobalSection
	GlobalSection(SolutionProperties) = preSolution
		HideSolutionNode = FALSE
	EndGlobalSection
	GlobalSection(ExtensibilityGlobals) = postSolution
		SolutionGuid = {12FE3441-ACC0-41CF-ACDB-2CCC59D91AC4}
	EndGlobalSection
EndGlobal
